
Microsoft Visual Studio Solution File, Format Version 12.00
# Visual Studio Version 17
VisualStudioVersion = 17.0.31903.59
MinimumVisualStudioVersion = 10.0.40219.1
Project("{2150E333-8FDC-42A3-9474-1A3956D46DE8}") = "src", "src", "{B0F2E6EC-0F84-4ACF-8C38-4372F872C328}"
EndProject
Project("{9A19103F-16F7-4668-BE54-9A1E7A4F7556}") = "ApplicationTracker", "src\ApplicationTracker\ApplicationTracker.csproj", "{23435F79-34BB-42D5-8CBE-143FF14560BE}"
EndProject
Project("{9A19103F-16F7-4668-BE54-9A1E7A4F7556}") = "ApplicationTracker.IntegrationTests", "src\ApplicationTracker.IntegrationTests\ApplicationTracker.IntegrationTests.csproj", "{3B7304E0-AE48-4847-8D22-66D881B46D8B}"
EndProject
Global
	GlobalSection(SolutionConfigurationPlatforms) = preSolution
		Debug|Any CPU = Debug|Any CPU
		Debug|x64 = Debug|x64
		Debug|x86 = Debug|x86
		Release|Any CPU = Release|Any CPU
		Release|x64 = Release|x64
		Release|x86 = Release|x86
	EndGlobalSection
	GlobalSection(ProjectConfigurationPlatforms) = postSolution
		{23435F79-34BB-42D5-8CBE-143FF14560BE}.Debug|Any CPU.ActiveCfg = Debug|Any CPU
		{23435F79-34BB-42D5-8CBE-143FF14560BE}.Debug|Any CPU.Build.0 = Debug|Any CPU
		{23435F79-34BB-42D5-8CBE-143FF14560BE}.Debug|x64.ActiveCfg = Debug|Any CPU
		{23435F79-34BB-42D5-8CBE-143FF14560BE}.Debug|x64.Build.0 = Debug|Any CPU
		{23435F79-34BB-42D5-8CBE-143FF14560BE}.Debug|x86.ActiveCfg = Debug|Any CPU
		{23435F79-34BB-42D5-8CBE-143FF14560BE}.Debug|x86.Build.0 = Debug|Any CPU
		{23435F79-34BB-42D5-8CBE-143FF14560BE}.Release|Any CPU.ActiveCfg = Release|Any CPU
		{23435F79-34BB-42D5-8CBE-143FF14560BE}.Release|Any CPU.Build.0 = Release|Any CPU
		{23435F79-34BB-42D5-8CBE-143FF14560BE}.Release|x64.ActiveCfg = Release|Any CPU
		{23435F79-34BB-42D5-8CBE-143FF14560BE}.Release|x64.Build.0 = Release|Any CPU
		{23435F79-34BB-42D5-8CBE-143FF14560BE}.Release|x86.ActiveCfg = Release|Any CPU
		{23435F79-34BB-42D5-8CBE-143FF14560BE}.Release|x86.Build.0 = Release|Any CPU
		{3B7304E0-AE48-4847-8D22-66D881B46D8B}.Debug|Any CPU.ActiveCfg = Debug|Any CPU
		{3B7304E0-AE48-4847-8D22-66D881B46D8B}.Debug|Any CPU.Build.0 = Debug|Any CPU
		{3B7304E0-AE48-4847-8D22-66D881B46D8B}.Debug|x64.ActiveCfg = Debug|Any CPU
		{3B7304E0-AE48-4847-8D22-66D881B46D8B}.Debug|x64.Build.0 = Debug|Any CPU
		{3B7304E0-AE48-4847-8D22-66D881B46D8B}.Debug|x86.ActiveCfg = Debug|Any CPU
		{3B7304E0-AE48-4847-8D22-66D881B46D8B}.Debug|x86.Build.0 = Debug|Any CPU
		{3B7304E0-AE48-4847-8D22-66D881B46D8B}.Release|Any CPU.ActiveCfg = Release|Any CPU
		{3B7304E0-AE48-4847-8D22-66D881B46D8B}.Release|Any CPU.Build.0 = Release|Any CPU
		{3B7304E0-AE48-4847-8D22-66D881B46D8B}.Release|x64.ActiveCfg = Release|Any CPU
		{3B7304E0-AE48-4847-8D22-66D881B46D8B}.Release|x64.Build.0 = Release|Any CPU
		{3B7304E0-AE48-4847-8D22-66D881B46D8B}.Release|x86.ActiveCfg = Release|Any CPU
		{3B7304E0-AE48-4847-8D22-66D881B46D8B}.Release|x86.Build.0 = Release|Any CPU
	EndGlobalSection
	GlobalSection(SolutionProperties) = preSolution
		HideSolutionNode = FALSE
	EndGlobalSection
	GlobalSection(NestedProjects) = preSolution
		{23435F79-34BB-42D5-8CBE-143FF14560BE} = {B0F2E6EC-0F84-4ACF-8C38-4372F872C328}
		{3B7304E0-AE48-4847-8D22-66D881B46D8B} = {B0F2E6EC-0F84-4ACF-8C38-4372F872C328}
	EndGlobalSection
	GlobalSection(ExtensibilityGlobals) = postSolution
		SolutionGuid = {6CFF0583-8DF8-42EB-BEB7-5DC64013507F}
	EndGlobalSection
EndGlobal
